{
  "nodes": {
    "bemenu": {
      "inputs": {
        "flake-utils": "flake-utils",
        "nixpkgs": [
          "nixpkgs"
        ],
        "nixpkgs-sophia": "nixpkgs-sophia"
      },
      "locked": {
        "lastModified": 1791082078,
        "narHash": "sha256-4/9+GTSdWRbOVC7BclHbaFvfwf31zOjnZ8xCr4AaPUY=",
        "owner": "sophia-org",
        "repo": "bemenu",
        "rev": "75b70971046dd5e717a8456e915527ac66294c73",
        "type": "github"
      },
      "original": {
        "owner": "sophia-org",
        "ref": "master",
        "repo": "bemenu",
        "type": "github"
      }
    },
    "crane": {
      "locked": {
        "lastModified": 1790899423,
        "narHash": "sha256-THGtz65UGJU+sonZidRboyCMk+9DclpMF7pwL4uDV4M=",
        "owner": "ipetkov",
        "repo": "crane",
        "rev": "47b6b27ed9a3a9181415e4367d0c30ab2a0e0250",
        "type": "github"
      },
      "original": {
        "owner": "ipetkov",
        "repo": "crane",
        "type": "github"
      }
    },
    "crane_2": {
      "locked": {
        "lastModified": 1790899423,
        "narHash": "sha256-THGtz65UGJU+sonZidRboyCMk+9DclpMF7pwL4uDV4M=",
        "owner": "ipetkov",
        "repo": "crane",
        "rev": "47b6b27ed9a3a9181415e4367d0c30ab2a0e0250",
        "type": "github"
      },
      "original": {
        "owner": "ipetkov",
        "repo": "crane",
        "type": "github"
      }
    },
    "crane_3": {
      "locked": {
        "lastModified": 1790899423,
        "narHash": "sha256-THGtz65UGJU+sonZidRboyCMk+9DclpMF7pwL4uDV4M=",
        "owner": "ipetkov",
        "repo": "crane",
        "rev": "47b6b27ed9a3a9181415e4367d0c30ab2a0e0250",
        "type": "github"
      },
      "original": {
        "owner": "ipetkov",
        "repo": "crane",
        "type": "github"
      }
    },
    "flake-utils": {
      "inputs": {
        "systems": "systems"
      },
      "locked": {
        "lastModified": 1705309234,
        "narHash": "sha256-uNRRNRKmJyCRC/8y1RqBkqWBLM034y4qN7EprSdmgyA=",
        "owner": "numtide",
        "repo": "flake-utils",
        "rev": "1ef2e671c3b0c19053962c07dbda38332dcebf26",
        "type": "github"
      },
      "original": {
        "owner": "numtide",
        "repo": "flake-utils",
        "type": "github"
      }
    },
    "hagia": {
      "inputs": {
        "nixpkgs": [
          "nixpkgs"
        ]
      },
      "locked": {
        "lastModified": 1791080586,
        "narHash": "sha256-r39ltnrWKD4SVylo2jspYpz6jgydkzmVZy3AEF9s5nE=",
        "owner": "sophia-org",
        "repo": "hagia",
        "rev": "155daab6c0b035dd3328fd114e70af65456ff336",
        "type": "github"
      },
      "original": {
        "owner": "sophia-org",
        "ref": "master",
        "repo": "hagia",
        "type": "github"
      }
    },
    "kleis": {
      "inputs": {
        "nixpkgs": [
          "nixpkgs"
        ]
      },
      "locked": {
        "lastModified": 1791219949,
        "narHash": "sha256-0Lp0awcirh/Vf7Q5AIcjKcPn2uVmnE0JuUs+tuXYZPA=",
        "owner": "sophia-org",
        "repo": "kleis",
        "rev": "958585da197ed30d270b6fe99d58f505cbca4012",
        "type": "github"
      },
      "original": {
        "owner": "sophia-org",
        "ref": "master",
        "repo": "kleis",
        "type": "github"
      }
    },
    "lom": {
      "inputs": {
        "crane": "crane_2",
        "nixpkgs": [
          "nixpkgs"
        ],
        "rust-overlay": "rust-overlay"
      },
      "locked": {
        "lastModified": 1791119594,
        "narHash": "sha256-z4dy5T/8rdqqr6dn2pmKbwZae7ZO+jkCR/KhYwRE5UQ=",
        "owner": "sophia-org",
        "repo": "lom",
        "rev": "3542ead1ea1651ace5b8f9dbc3b565f87dc8b3f3",
        "type": "github"
      },
      "original": {
        "owner": "sophia-org",
        "ref": "master",
        "repo": "lom",
        "type": "github"
      }
    },
    "narthex": {
      "inputs": {
        "nixpkgs": [
          "nixpkgs"
        ]
      },
      "locked": {
        "lastModified": 1791081628,
        "narHash": "sha256-Q+zEPRGwTSLdKBRaOQdtgZ5O9tkFEon/e2/FDVDip8c=",
        "owner": "sophia-org",
        "repo": "narthex",
        "rev": "56d513faede5c5127c7d3cd1241f44661568d806",
        "type": "github"
      },
      "original": {
        "owner": "sophia-org",
        "ref": "master",
        "repo": "narthex",
        "type": "github"
      }
    },
    "nixpkgs": {
      "locked": {
        "lastModified": 1790822859,
        "narHash": "sha256-69xHQhAeMAD2wDXO7T2pcOZIF9Sga2W+JkmY2a11Ops=",
        "owner": "NixOS",
        "repo": "nixpkgs",
        "rev": "c59305bab2065cfecc4944690d9eedbb56f3a9fa",
        "type": "github"
      },
      "original": {
        "owner": "NixOS",
        "repo": "nixpkgs",
        "rev": "c59305bab2065cfecc4944690d9eedbb56f3a9fa",
        "type": "github"
      }
    },
    "nixpkgs-sophia": {
      "locked": {
        "lastModified": 1790822859,
        "narHash": "sha256-69xHQhAeMAD2wDXO7T2pcOZIF9Sga2W+JkmY2a11Ops=",
        "owner": "NixOS",
        "repo": "nixpkgs",
        "rev": "c59305bab2065cfecc4944690d9eedbb56f3a9fa",
        "type": "github"
      },
      "original": {
        "owner": "NixOS",
        "repo": "nixpkgs",
        "rev": "c59305bab2065cfecc4944690d9eedbb56f3a9fa",
        "type": "github"
      }
    },
    "root": {
      "inputs": {
        "bemenu": "bemenu",
        "crane": "crane",
        "hagia": "hagia",
        "kleis": "kleis",
        "lom": "lom",
        "narthex": "narthex",
        "nixpkgs": "nixpkgs",
        "rust-overlay": "rust-overlay_2",
        "sophia": "sophia"
      }
    },
    "rust-overlay": {
      "inputs": {
        "nixpkgs": [
          "lom",
          "nixpkgs"
        ]
      },
      "locked": {
        "lastModified": 1791013993,
        "narHash": "sha256-BiFPwFsbFnZH5GfWbQFKYuQNg+67aNQCoRSRNTeJFQc=",
        "owner": "oxalica",
        "repo": "rust-overlay",
        "rev": "7470661ba2b51156048af08464b82020223dc942",
        "type": "github"
      },
      "original": {
        "owner": "oxalica",
        "repo": "rust-overlay",
        "type": "github"
      }
    },
    "rust-overlay_2": {
      "inputs": {
        "nixpkgs": [
          "nixpkgs"
        ]
      },
      "locked": {
        "lastModified": 1791101754,
        "narHash": "sha256-y/GF+9B0t0TZ0nQiSRMqDXpr76yT7sdDbS/3GNLhzkE=",
        "owner": "oxalica",
        "repo": "rust-overlay",
        "rev": "dbc715a4b7c0ace63b9769a032d1dd34cd89e5bd",
        "type": "github"
      },
      "original": {
        "owner": "oxalica",
        "repo": "rust-overlay",
        "type": "github"
      }
    },
    "rust-overlay_3": {
      "inputs": {
        "nixpkgs": [
          "sophia",
          "nixpkgs"
        ]
      },
      "locked": {
        "lastModified": 1791013993,
        "narHash": "sha256-BiFPwFsbFnZH5GfWbQFKYuQNg+67aNQCoRSRNTeJFQc=",
        "owner": "oxalica",
        "repo": "rust-overlay",
        "rev": "7470661ba2b51156048af08464b82020223dc942",
        "type": "github"
      },
      "original": {
        "owner": "oxalica",
        "repo": "rust-overlay",
        "type": "github"
      }
    },
    "sophia": {
      "inputs": {
        "crane": "crane_3",
        "nixpkgs": [
          "nixpkgs"
        ],
        "rust-overlay": "rust-overlay_3"
      },
      "locked": {
        "lastModified": 1791548949,
        "narHash": "sha256-AzhqJ4D745qO5OsudFROGt8Xc5A59hEyrB5borcdABo=",
        "ref": "fix/t310-startup-output-fallback",
        "rev": "838d5b16acad9a6afd119ce25b8622c068b32646",
        "revCount": 4341,
        "type": "git",
        "url": "file:///home/niltempus/dev/sophia-output-fallback"
      },
      "original": {
        "owner": "sophia-org",
        "ref": "master",
        "repo": "sophia",
        "type": "github"
      }
    },
    "systems": {
      "locked": {
        "lastModified": 1681028828,
        "narHash": "sha256-Vy1rq5AaRuLzOxct8nz4T6wlgyUR7zLU309k9mBC768=",
        "owner": "nix-systems",
        "repo": "default",
        "rev": "da67096a3b9bf56a91d16901293e51ba5b49a27e",
        "type": "github"
      },
      "original": {
        "owner": "nix-systems",
        "repo": "default",
        "type": "github"
      }
    }
  },
  "root": "root",
  "version": 7
}
